// !$*UTF8*$!
{
	archiveVersion = 1;
	classes = {
	};
	objectVersion = 46;
	objects = {

/* Begin PBXBuildFile section */
		3B9887B984F8F1C78657B948 /* Pods_ThoughtTunes.framework in Frameworks */ = {isa = PBXBuildFile; fileRef = 015CCB651CC605EFD8195A36 /* Pods_ThoughtTunes.framework */; };
		430F09D11D58EFC800C37C20 /* Enums&Strings.swift in Sources */ = {isa = PBXBuildFile; fileRef = 430F09D01D58EFC800C37C20 /* Enums&Strings.swift */; };
		430F09D31D58F3A500C37C20 /* TagCell.swift in Sources */ = {isa = PBXBuildFile; fileRef = 430F09D21D58F3A500C37C20 /* TagCell.swift */; };
		430F09D51D58F3D100C37C20 /* CategoryCell.swift in Sources */ = {isa = PBXBuildFile; fileRef = 430F09D41D58F3D100C37C20 /* CategoryCell.swift */; };
		430F09D71D58F3E000C37C20 /* TuneCell.swift in Sources */ = {isa = PBXBuildFile; fileRef = 430F09D61D58F3E000C37C20 /* TuneCell.swift */; };
		432415691D5C1BBB00BEED97 /* Category+CoreDataProperties.swift in Sources */ = {isa = PBXBuildFile; fileRef = 432415631D5C1BBB00BEED97 /* Category+CoreDataProperties.swift */; };
		4324156A1D5C1BBB00BEED97 /* Category.swift in Sources */ = {isa = PBXBuildFile; fileRef = 432415641D5C1BBB00BEED97 /* Category.swift */; };
		4324156B1D5C1BBB00BEED97 /* Tag+CoreDataProperties.swift in Sources */ = {isa = PBXBuildFile; fileRef = 432415651D5C1BBB00BEED97 /* Tag+CoreDataProperties.swift */; };
		4324156C1D5C1BBB00BEED97 /* Tag.swift in Sources */ = {isa = PBXBuildFile; fileRef = 432415661D5C1BBB00BEED97 /* Tag.swift */; };
		4336933E1D5CF9A700060575 /* Tune.swift in Sources */ = {isa = PBXBuildFile; fileRef = 4336933C1D5CF9A700060575 /* Tune.swift */; };
		4336933F1D5CF9A700060575 /* Tune+CoreDataProperties.swift in Sources */ = {isa = PBXBuildFile; fileRef = 4336933D1D5CF9A700060575 /* Tune+CoreDataProperties.swift */; };
		43385C8D1D552D92008DE0AE /* AppDelegate.swift in Sources */ = {isa = PBXBuildFile; fileRef = 43385C8C1D552D92008DE0AE /* AppDelegate.swift */; };
		43385C951D552D92008DE0AE /* ThoughtTunes.xcdatamodeld in Sources */ = {isa = PBXBuildFile; fileRef = 43385C931D552D92008DE0AE /* ThoughtTunes.xcdatamodeld */; };
		43385C971D552D92008DE0AE /* Assets.xcassets in Resources */ = {isa = PBXBuildFile; fileRef = 43385C961D552D92008DE0AE /* Assets.xcassets */; };
		43385C9A1D552D92008DE0AE /* LaunchScreen.storyboard in Resources */ = {isa = PBXBuildFile; fileRef = 43385C981D552D92008DE0AE /* LaunchScreen.storyboard */; };
		43385CB01D552D92008DE0AE /* ThoughtTunesUITests.swift in Sources */ = {isa = PBXBuildFile; fileRef = 43385CAF1D552D92008DE0AE /* ThoughtTunesUITests.swift */; };
		43707C5A1D5D6259003C9176 /* tags.json in Resources */ = {isa = PBXBuildFile; fileRef = 43707C591D5D6259003C9176 /* tags.json */; };
		43707C641D5D690E003C9176 /* DataHandler.swift in Sources */ = {isa = PBXBuildFile; fileRef = 43707C631D5D690E003C9176 /* DataHandler.swift */; };
		4390DC331D55408000110F29 /* TagViewController.swift in Sources */ = {isa = PBXBuildFile; fileRef = 4390DC311D55408000110F29 /* TagViewController.swift */; };
		4390DC371D55409A00110F29 /* CategoryViewController.swift in Sources */ = {isa = PBXBuildFile; fileRef = 4390DC351D55409A00110F29 /* CategoryViewController.swift */; };
		4390DC3D1D5540E500110F29 /* TuneViewController.swift in Sources */ = {isa = PBXBuildFile; fileRef = 4390DC3B1D5540E500110F29 /* TuneViewController.swift */; };
		4390DC401D55431B00110F29 /* TagViewController.storyboard in Resources */ = {isa = PBXBuildFile; fileRef = 4390DC3F1D55431B00110F29 /* TagViewController.storyboard */; };
		4390DC421D55433500110F29 /* CategoryViewController.storyboard in Resources */ = {isa = PBXBuildFile; fileRef = 4390DC411D55433500110F29 /* CategoryViewController.storyboard */; };
		4390DC441D55434000110F29 /* TuneViewController.storyboard in Resources */ = {isa = PBXBuildFile; fileRef = 4390DC431D55434000110F29 /* TuneViewController.storyboard */; };
		4390DC4A1D55620F00110F29 /* LocalDataHandler.swift in Sources */ = {isa = PBXBuildFile; fileRef = 4390DC491D55620F00110F29 /* LocalDataHandler.swift */; };
		43BDEC781D60F094004DCD2F /* 001.json in Resources */ = {isa = PBXBuildFile; fileRef = 43BDEC751D60F094004DCD2F /* 001.json */; };
		43BDEC791D60F094004DCD2F /* 002.json in Resources */ = {isa = PBXBuildFile; fileRef = 43BDEC761D60F094004DCD2F /* 002.json */; };
		43BDEC7A1D60F094004DCD2F /* 003.json in Resources */ = {isa = PBXBuildFile; fileRef = 43BDEC771D60F094004DCD2F /* 003.json */; };
		43BDEC9C1D60F0B7004DCD2F /* multi.json in Resources */ = {isa = PBXBuildFile; fileRef = 43BDEC7B1D60F0B7004DCD2F /* multi.json */; };
		43BDEC9D1D60F0B7004DCD2F /* multi?id=401.json in Resources */ = {isa = PBXBuildFile; fileRef = 43BDEC7C1D60F0B7004DCD2F /* multi?id=401.json */; };
		43BDEC9E1D60F0B7004DCD2F /* multi?id=401&id=402.json in Resources */ = {isa = PBXBuildFile; fileRef = 43BDEC7D1D60F0B7004DCD2F /* multi?id=401&id=402.json */; };
		43BDEC9F1D60F0B7004DCD2F /* multi?id=401&id=402&id=404.json in Resources */ = {isa = PBXBuildFile; fileRef = 43BDEC7E1D60F0B7004DCD2F /* multi?id=401&id=402&id=404.json */; };
		43BDECA01D60F0B7004DCD2F /* multi?id=401&id=402&id=404&id=407&id=409&id=410&id=411&id=419&id=421.json in Resources */ = {isa = PBXBuildFile; fileRef = 43BDEC7F1D60F0B7004DCD2F /* multi?id=401&id=402&id=404&id=407&id=409&id=410&id=411&id=419&id=421.json */; };
		43BDECA11D60F0B7004DCD2F /* multi?id=402.json in Resources */ = {isa = PBXBuildFile; fileRef = 43BDEC801D60F0B7004DCD2F /* multi?id=402.json */; };
		43BDECA21D60F0B7004DCD2F /* multi?id=403.json in Resources */ = {isa = PBXBuildFile; fileRef = 43BDEC811D60F0B7004DCD2F /* multi?id=403.json */; };
		43BDECA31D60F0B7004DCD2F /* multi?id=403&id=405&id=407&id=413&id=416&id=419&id=420&id=421&id=423&id=424.json in Resources */ = {isa = PBXBuildFile; fileRef = 43BDEC821D60F0B7004DCD2F /* multi?id=403&id=405&id=407&id=413&id=416&id=419&id=420&id=421&id=423&id=424.json */; };
		43BDECA41D60F0B7004DCD2F /* multi?id=404.json in Resources */ = {isa = PBXBuildFile; fileRef = 43BDEC831D60F0B7004DCD2F /* multi?id=404.json */; };
		43BDECA51D60F0B7004DCD2F /* multi?id=405.json in Resources */ = {isa = PBXBuildFile; fileRef = 43BDEC841D60F0B7004DCD2F /* multi?id=405.json */; };
		43BDECA61D60F0B7004DCD2F /* multi?id=406.json in Resources */ = {isa = PBXBuildFile; fileRef = 43BDEC851D60F0B7004DCD2F /* multi?id=406.json */; };
		43BDECA71D60F0B7004DCD2F /* multi?id=406&id=418&id=420&id=423.json in Resources */ = {isa = PBXBuildFile; fileRef = 43BDEC861D60F0B7004DCD2F /* multi?id=406&id=418&id=420&id=423.json */; };
		43BDECA81D60F0B7004DCD2F /* multi?id=407.json in Resources */ = {isa = PBXBuildFile; fileRef = 43BDEC871D60F0B7004DCD2F /* multi?id=407.json */; };
		43BDECA91D60F0B7004DCD2F /* multi?id=408.json in Resources */ = {isa = PBXBuildFile; fileRef = 43BDEC881D60F0B7004DCD2F /* multi?id=408.json */; };
		43BDECAA1D60F0B7004DCD2F /* multi?id=408&id=409.json in Resources */ = {isa = PBXBuildFile; fileRef = 43BDEC891D60F0B7004DCD2F /* multi?id=408&id=409.json */; };
		43BDECAB1D60F0B7004DCD2F /* multi?id=408&id=409&id=412.json in Resources */ = {isa = PBXBuildFile; fileRef = 43BDEC8A1D60F0B7004DCD2F /* multi?id=408&id=409&id=412.json */; };
		43BDECAC1D60F0B7004DCD2F /* multi?id=409.json in Resources */ = {isa = PBXBuildFile; fileRef = 43BDEC8B1D60F0B7004DCD2F /* multi?id=409.json */; };
		43BDECAD1D60F0B7004DCD2F /* multi?id=410.json in Resources */ = {isa = PBXBuildFile; fileRef = 43BDEC8C1D60F0B7004DCD2F /* multi?id=410.json */; };
		43BDECAE1D60F0B7004DCD2F /* multi?id=410&id=414.json in Resources */ = {isa = PBXBuildFile; fileRef = 43BDEC8D1D60F0B7004DCD2F /* multi?id=410&id=414.json */; };
		43BDECAF1D60F0B7004DCD2F /* multi?id=411.json in Resources */ = {isa = PBXBuildFile; fileRef = 43BDEC8E1D60F0B7004DCD2F /* multi?id=411.json */; };
		43BDECB01D60F0B7004DCD2F /* multi?id=412.json in Resources */ = {isa = PBXBuildFile; fileRef = 43BDEC8F1D60F0B7004DCD2F /* multi?id=412.json */; };
		43BDECB11D60F0B7004DCD2F /* multi?id=413.json in Resources */ = {isa = PBXBuildFile; fileRef = 43BDEC901D60F0B7004DCD2F /* multi?id=413.json */; };
		43BDECB21D60F0B7004DCD2F /* multi?id=414.json in Resources */ = {isa = PBXBuildFile; fileRef = 43BDEC911D60F0B7004DCD2F /* multi?id=414.json */; };
		43BDECB31D60F0B7004DCD2F /* multi?id=415.json in Resources */ = {isa = PBXBuildFile; fileRef = 43BDEC921D60F0B7004DCD2F /* multi?id=415.json */; };
		43BDECB41D60F0B7004DCD2F /* multi?id=416.json in Resources */ = {isa = PBXBuildFile; fileRef = 43BDEC931D60F0B7004DCD2F /* multi?id=416.json */; };
		43BDECB51D60F0B7004DCD2F /* multi?id=417.json in Resources */ = {isa = PBXBuildFile; fileRef = 43BDEC941D60F0B7004DCD2F /* multi?id=417.json */; };
		43BDECB61D60F0B7004DCD2F /* multi?id=418.json in Resources */ = {isa = PBXBuildFile; fileRef = 43BDEC951D60F0B7004DCD2F /* multi?id=418.json */; };
		43BDECB71D60F0B7004DCD2F /* multi?id=419.json in Resources */ = {isa = PBXBuildFile; fileRef = 43BDEC961D60F0B7004DCD2F /* multi?id=419.json */; };
		43BDECB81D60F0B7004DCD2F /* multi?id=420.json in Resources */ = {isa = PBXBuildFile; fileRef = 43BDEC971D60F0B7004DCD2F /* multi?id=420.json */; };
		43BDECB91D60F0B7004DCD2F /* multi?id=421.json in Resources */ = {isa = PBXBuildFile; fileRef = 43BDEC981D60F0B7004DCD2F /* multi?id=421.json */; };
		43BDECBA1D60F0B7004DCD2F /* multi?id=421&id=423&id=424.json in Resources */ = {isa = PBXBuildFile; fileRef = 43BDEC991D60F0B7004DCD2F /* multi?id=421&id=423&id=424.json */; };
		43BDECBB1D60F0B7004DCD2F /* multi?id=423.json in Resources */ = {isa = PBXBuildFile; fileRef = 43BDEC9A1D60F0B7004DCD2F /* multi?id=423.json */; };
		43BDECBC1D60F0B7004DCD2F /* multi?id=424.json in Resources */ = {isa = PBXBuildFile; fileRef = 43BDEC9B1D60F0B7004DCD2F /* multi?id=424.json */; };
		43EB08EE1D59520200B1AE5C /* TagViewControllerTests.swift in Sources */ = {isa = PBXBuildFile; fileRef = 43EB08ED1D59520200B1AE5C /* TagViewControllerTests.swift */; };
		43EB08F01D59523500B1AE5C /* CategoryViewControllerTests.swift in Sources */ = {isa = PBXBuildFile; fileRef = 43EB08EF1D59523500B1AE5C /* CategoryViewControllerTests.swift */; };
		43EB08F21D59524700B1AE5C /* TuneViewControllerTests.swift in Sources */ = {isa = PBXBuildFile; fileRef = 43EB08F11D59524700B1AE5C /* TuneViewControllerTests.swift */; };
		43FF55101D5A25190090862E /* DataHandlerTests.swift in Sources */ = {isa = PBXBuildFile; fileRef = 43FF550F1D5A25190090862E /* DataHandlerTests.swift */; };
		4C932675032A29C31859E832 /* Pods_ThoughtTunesUITests.framework in Frameworks */ = {isa = PBXBuildFile; fileRef = 7B57A8C549C674136CE4C7D0 /* Pods_ThoughtTunesUITests.framework */; };
		C3F6496E9073DE72AB0B208B /* Pods_ThoughtTunesTests.framework in Frameworks */ = {isa = PBXBuildFile; fileRef = DB061FB460A4EA5C498CCE0C /* Pods_ThoughtTunesTests.framework */; };
/* End PBXBuildFile section */

/* Begin PBXContainerItemProxy section */
		43385CA11D552D92008DE0AE /* PBXContainerItemProxy */ = {
			isa = PBXContainerItemProxy;
			containerPortal = 43385C811D552D92008DE0AE /* Project object */;
			proxyType = 1;
			remoteGlobalIDString = 43385C881D552D92008DE0AE;
			remoteInfo = ThoughtTunes;
		};
		43385CAC1D552D92008DE0AE /* PBXContainerItemProxy */ = {
			isa = PBXContainerItemProxy;
			containerPortal = 43385C811D552D92008DE0AE /* Project object */;
			proxyType = 1;
			remoteGlobalIDString = 43385C881D552D92008DE0AE;
			remoteInfo = ThoughtTunes;
		};
/* End PBXContainerItemProxy section */

/* Begin PBXFileReference section */
		015CCB651CC605EFD8195A36 /* Pods_ThoughtTunes.framework */ = {isa = PBXFileReference; explicitFileType = wrapper.framework; includeInIndex = 0; path = Pods_ThoughtTunes.framework; sourceTree = BUILT_PRODUCTS_DIR; };
		430F09D01D58EFC800C37C20 /* Enums&Strings.swift */ = {isa = PBXFileReference; fileEncoding = 4; lastKnownFileType = sourcecode.swift; path = "Enums&Strings.swift"; sourceTree = "<group>"; };
		430F09D21D58F3A500C37C20 /* TagCell.swift */ = {isa = PBXFileReference; fileEncoding = 4; lastKnownFileType = sourcecode.swift; path = TagCell.swift; sourceTree = "<group>"; };
		430F09D41D58F3D100C37C20 /* CategoryCell.swift */ = {isa = PBXFileReference; fileEncoding = 4; lastKnownFileType = sourcecode.swift; path = CategoryCell.swift; sourceTree = "<group>"; };
		430F09D61D58F3E000C37C20 /* TuneCell.swift */ = {isa = PBXFileReference; fileEncoding = 4; lastKnownFileType = sourcecode.swift; path = TuneCell.swift; sourceTree = "<group>"; };
		432415631D5C1BBB00BEED97 /* Category+CoreDataProperties.swift */ = {isa = PBXFileReference; fileEncoding = 4; lastKnownFileType = sourcecode.swift; path = "Category+CoreDataProperties.swift"; sourceTree = "<group>"; };
		432415641D5C1BBB00BEED97 /* Category.swift */ = {isa = PBXFileReference; fileEncoding = 4; lastKnownFileType = sourcecode.swift; path = Category.swift; sourceTree = "<group>"; };
		432415651D5C1BBB00BEED97 /* Tag+CoreDataProperties.swift */ = {isa = PBXFileReference; fileEncoding = 4; lastKnownFileType = sourcecode.swift; path = "Tag+CoreDataProperties.swift"; sourceTree = "<group>"; };
		432415661D5C1BBB00BEED97 /* Tag.swift */ = {isa = PBXFileReference; fileEncoding = 4; lastKnownFileType = sourcecode.swift; path = Tag.swift; sourceTree = "<group>"; };
		4336933C1D5CF9A700060575 /* Tune.swift */ = {isa = PBXFileReference; fileEncoding = 4; lastKnownFileType = sourcecode.swift; path = Tune.swift; sourceTree = "<group>"; };
		4336933D1D5CF9A700060575 /* Tune+CoreDataProperties.swift */ = {isa = PBXFileReference; fileEncoding = 4; lastKnownFileType = sourcecode.swift; path = "Tune+CoreDataProperties.swift"; sourceTree = "<group>"; };
		43385C891D552D92008DE0AE /* ThoughtTunes.app */ = {isa = PBXFileReference; explicitFileType = wrapper.application; includeInIndex = 0; path = ThoughtTunes.app; sourceTree = BUILT_PRODUCTS_DIR; };
		43385C8C1D552D92008DE0AE /* AppDelegate.swift */ = {isa = PBXFileReference; lastKnownFileType = sourcecode.swift; path = AppDelegate.swift; sourceTree = "<group>"; };
		43385C941D552D92008DE0AE /* ThoughtTunes.xcdatamodel */ = {isa = PBXFileReference; lastKnownFileType = wrapper.xcdatamodel; path = ThoughtTunes.xcdatamodel; sourceTree = "<group>"; };
		43385C961D552D92008DE0AE /* Assets.xcassets */ = {isa = PBXFileReference; lastKnownFileType = folder.assetcatalog; path = Assets.xcassets; sourceTree = "<group>"; };
		43385C991D552D92008DE0AE /* Base */ = {isa = PBXFileReference; lastKnownFileType = file.storyboard; name = Base; path = Base.lproj/LaunchScreen.storyboard; sourceTree = "<group>"; };
		43385C9B1D552D92008DE0AE /* Info.plist */ = {isa = PBXFileReference; lastKnownFileType = text.plist.xml; path = Info.plist; sourceTree = "<group>"; };
		43385CA01D552D92008DE0AE /* ThoughtTunesTests.xctest */ = {isa = PBXFileReference; explicitFileType = wrapper.cfbundle; includeInIndex = 0; path = ThoughtTunesTests.xctest; sourceTree = BUILT_PRODUCTS_DIR; };
		43385CA61D552D92008DE0AE /* Info.plist */ = {isa = PBXFileReference; lastKnownFileType = text.plist.xml; path = Info.plist; sourceTree = "<group>"; };
		43385CAB1D552D92008DE0AE /* ThoughtTunesUITests.xctest */ = {isa = PBXFileReference; explicitFileType = wrapper.cfbundle; includeInIndex = 0; path = ThoughtTunesUITests.xctest; sourceTree = BUILT_PRODUCTS_DIR; };
		43385CAF1D552D92008DE0AE /* ThoughtTunesUITests.swift */ = {isa = PBXFileReference; lastKnownFileType = sourcecode.swift; path = ThoughtTunesUITests.swift; sourceTree = "<group>"; };
		43385CB11D552D92008DE0AE /* Info.plist */ = {isa = PBXFileReference; lastKnownFileType = text.plist.xml; path = Info.plist; sourceTree = "<group>"; };
		43707C591D5D6259003C9176 /* tags.json */ = {isa = PBXFileReference; fileEncoding = 4; lastKnownFileType = text.json; path = tags.json; sourceTree = "<group>"; };
		43707C631D5D690E003C9176 /* DataHandler.swift */ = {isa = PBXFileReference; fileEncoding = 4; lastKnownFileType = sourcecode.swift; path = DataHandler.swift; sourceTree = "<group>"; };
		4390DC311D55408000110F29 /* TagViewController.swift */ = {isa = PBXFileReference; fileEncoding = 4; lastKnownFileType = sourcecode.swift; path = TagViewController.swift; sourceTree = "<group>"; };
		4390DC351D55409A00110F29 /* CategoryViewController.swift */ = {isa = PBXFileReference; fileEncoding = 4; lastKnownFileType = sourcecode.swift; path = CategoryViewController.swift; sourceTree = "<group>"; };
		4390DC3B1D5540E500110F29 /* TuneViewController.swift */ = {isa = PBXFileReference; fileEncoding = 4; lastKnownFileType = sourcecode.swift; path = TuneViewController.swift; sourceTree = "<group>"; };
		4390DC3F1D55431B00110F29 /* TagViewController.storyboard */ = {isa = PBXFileReference; fileEncoding = 4; lastKnownFileType = file.storyboard; path = TagViewController.storyboard; sourceTree = "<group>"; };
		4390DC411D55433500110F29 /* CategoryViewController.storyboard */ = {isa = PBXFileReference; fileEncoding = 4; lastKnownFileType = file.storyboard; path = CategoryViewController.storyboard; sourceTree = "<group>"; };
		4390DC431D55434000110F29 /* TuneViewController.storyboard */ = {isa = PBXFileReference; fileEncoding = 4; lastKnownFileType = file.storyboard; path = TuneViewController.storyboard; sourceTree = "<group>"; };
		4390DC491D55620F00110F29 /* LocalDataHandler.swift */ = {isa = PBXFileReference; fileEncoding = 4; lastKnownFileType = sourcecode.swift; path = LocalDataHandler.swift; sourceTree = "<group>"; };
		43BDEC751D60F094004DCD2F /* 001.json */ = {isa = PBXFileReference; fileEncoding = 4; lastKnownFileType = text.json; path = 001.json; sourceTree = "<group>"; };
		43BDEC761D60F094004DCD2F /* 002.json */ = {isa = PBXFileReference; fileEncoding = 4; lastKnownFileType = text.json; path = 002.json; sourceTree = "<group>"; };
		43BDEC771D60F094004DCD2F /* 003.json */ = {isa = PBXFileReference; fileEncoding = 4; lastKnownFileType = text.json; path = 003.json; sourceTree = "<group>"; };
		43BDEC7B1D60F0B7004DCD2F /* multi.json */ = {isa = PBXFileReference; fileEncoding = 4; lastKnownFileType = text.json; path = multi.json; sourceTree = "<group>"; };
		43BDEC7C1D60F0B7004DCD2F /* multi?id=401.json */ = {isa = PBXFileReference; fileEncoding = 4; lastKnownFileType = text.json; path = "multi?id=401.json"; sourceTree = "<group>"; };
		43BDEC7D1D60F0B7004DCD2F /* multi?id=401&id=402.json */ = {isa = PBXFileReference; fileEncoding = 4; lastKnownFileType = text.json; path = "multi?id=401&id=402.json"; sourceTree = "<group>"; };
		43BDEC7E1D60F0B7004DCD2F /* multi?id=401&id=402&id=404.json */ = {isa = PBXFileReference; fileEncoding = 4; lastKnownFileType = text.json; path = "multi?id=401&id=402&id=404.json"; sourceTree = "<group>"; };
		43BDEC7F1D60F0B7004DCD2F /* multi?id=401&id=402&id=404&id=407&id=409&id=410&id=411&id=419&id=421.json */ = {isa = PBXFileReference; fileEncoding = 4; lastKnownFileType = text.json; path = "multi?id=401&id=402&id=404&id=407&id=409&id=410&id=411&id=419&id=421.json"; sourceTree = "<group>"; };
		43BDEC801D60F0B7004DCD2F /* multi?id=402.json */ = {isa = PBXFileReference; fileEncoding = 4; lastKnownFileType = text.json; path = "multi?id=402.json"; sourceTree = "<group>"; };
		43BDEC811D60F0B7004DCD2F /* multi?id=403.json */ = {isa = PBXFileReference; fileEncoding = 4; lastKnownFileType = text.json; path = "multi?id=403.json"; sourceTree = "<group>"; };
		43BDEC821D60F0B7004DCD2F /* multi?id=403&id=405&id=407&id=413&id=416&id=419&id=420&id=421&id=423&id=424.json */ = {isa = PBXFileReference; fileEncoding = 4; lastKnownFileType = text.json; path = "multi?id=403&id=405&id=407&id=413&id=416&id=419&id=420&id=421&id=423&id=424.json"; sourceTree = "<group>"; };
		43BDEC831D60F0B7004DCD2F /* multi?id=404.json */ = {isa = PBXFileReference; fileEncoding = 4; lastKnownFileType = text.json; path = "multi?id=404.json"; sourceTree = "<group>"; };
		43BDEC841D60F0B7004DCD2F /* multi?id=405.json */ = {isa = PBXFileReference; fileEncoding = 4; lastKnownFileType = text.json; path = "multi?id=405.json"; sourceTree = "<group>"; };
		43BDEC851D60F0B7004DCD2F /* multi?id=406.json */ = {isa = PBXFileReference; fileEncoding = 4; lastKnownFileType = text.json; path = "multi?id=406.json"; sourceTree = "<group>"; };
		43BDEC861D60F0B7004DCD2F /* multi?id=406&id=418&id=420&id=423.json */ = {isa = PBXFileReference; fileEncoding = 4; lastKnownFileType = text.json; path = "multi?id=406&id=418&id=420&id=423.json"; sourceTree = "<group>"; };
		43BDEC871D60F0B7004DCD2F /* multi?id=407.json */ = {isa = PBXFileReference; fileEncoding = 4; lastKnownFileType = text.json; path = "multi?id=407.json"; sourceTree = "<group>"; };
		43BDEC881D60F0B7004DCD2F /* multi?id=408.json */ = {isa = PBXFileReference; fileEncoding = 4; lastKnownFileType = text.json; path = "multi?id=408.json"; sourceTree = "<group>"; };
		43BDEC891D60F0B7004DCD2F /* multi?id=408&id=409.json */ = {isa = PBXFileReference; fileEncoding = 4; lastKnownFileType = text.json; path = "multi?id=408&id=409.json"; sourceTree = "<group>"; };
		43BDEC8A1D60F0B7004DCD2F /* multi?id=408&id=409&id=412.json */ = {isa = PBXFileReference; fileEncoding = 4; lastKnownFileType = text.json; path = "multi?id=408&id=409&id=412.json"; sourceTree = "<group>"; };
		43BDEC8B1D60F0B7004DCD2F /* multi?id=409.json */ = {isa = PBXFileReference; fileEncoding = 4; lastKnownFileType = text.json; path = "multi?id=409.json"; sourceTree = "<group>"; };
		43BDEC8C1D60F0B7004DCD2F /* multi?id=410.json */ = {isa = PBXFileReference; fileEncoding = 4; lastKnownFileType = text.json; path = "multi?id=410.json"; sourceTree = "<group>"; };
		43BDEC8D1D60F0B7004DCD2F /* multi?id=410&id=414.json */ = {isa = PBXFileReference; fileEncoding = 4; lastKnownFileType = text.json; path = "multi?id=410&id=414.json"; sourceTree = "<group>"; };
		43BDEC8E1D60F0B7004DCD2F /* multi?id=411.json */ = {isa = PBXFileReference; fileEncoding = 4; lastKnownFileType = text.json; path = "multi?id=411.json"; sourceTree = "<group>"; };
		43BDEC8F1D60F0B7004DCD2F /* multi?id=412.json */ = {isa = PBXFileReference; fileEncoding = 4; lastKnownFileType = text.json; path = "multi?id=412.json"; sourceTree = "<group>"; };
		43BDEC901D60F0B7004DCD2F /* multi?id=413.json */ = {isa = PBXFileReference; fileEncoding = 4; lastKnownFileType = text.json; path = "multi?id=413.json"; sourceTree = "<group>"; };
		43BDEC911D60F0B7004DCD2F /* multi?id=414.json */ = {isa = PBXFileReference; fileEncoding = 4; lastKnownFileType = text.json; path = "multi?id=414.json"; sourceTree = "<group>"; };
		43BDEC921D60F0B7004DCD2F /* multi?id=415.json */ = {isa = PBXFileReference; fileEncoding = 4; lastKnownFileType = text.json; path = "multi?id=415.json"; sourceTree = "<group>"; };
		43BDEC931D60F0B7004DCD2F /* multi?id=416.json */ = {isa = PBXFileReference; fileEncoding = 4; lastKnownFileType = text.json; path = "multi?id=416.json"; sourceTree = "<group>"; };
		43BDEC941D60F0B7004DCD2F /* multi?id=417.json */ = {isa = PBXFileReference; fileEncoding = 4; lastKnownFileType = text.json; path = "multi?id=417.json"; sourceTree = "<group>"; };
		43BDEC951D60F0B7004DCD2F /* multi?id=418.json */ = {isa = PBXFileReference; fileEncoding = 4; lastKnownFileType = text.json; path = "multi?id=418.json"; sourceTree = "<group>"; };
		43BDEC961D60F0B7004DCD2F /* multi?id=419.json */ = {isa = PBXFileReference; fileEncoding = 4; lastKnownFileType = text.json; path = "multi?id=419.json"; sourceTree = "<group>"; };
		43BDEC971D60F0B7004DCD2F /* multi?id=420.json */ = {isa = PBXFileReference; fileEncoding = 4; lastKnownFileType = text.json; path = "multi?id=420.json"; sourceTree = "<group>"; };
		43BDEC981D60F0B7004DCD2F /* multi?id=421.json */ = {isa = PBXFileReference; fileEncoding = 4; lastKnownFileType = text.json; path = "multi?id=421.json"; sourceTree = "<group>"; };
		43BDEC991D60F0B7004DCD2F /* multi?id=421&id=423&id=424.json */ = {isa = PBXFileReference; fileEncoding = 4; lastKnownFileType = text.json; path = "multi?id=421&id=423&id=424.json"; sourceTree = "<group>"; };
		43BDEC9A1D60F0B7004DCD2F /* multi?id=423.json */ = {isa = PBXFileReference; fileEncoding = 4; lastKnownFileType = text.json; path = "multi?id=423.json"; sourceTree = "<group>"; };
		43BDEC9B1D60F0B7004DCD2F /* multi?id=424.json */ = {isa = PBXFileReference; fileEncoding = 4; lastKnownFileType = text.json; path = "multi?id=424.json"; sourceTree = "<group>"; };
		43EB08ED1D59520200B1AE5C /* TagViewControllerTests.swift */ = {isa = PBXFileReference; fileEncoding = 4; lastKnownFileType = sourcecode.swift; path = TagViewControllerTests.swift; sourceTree = "<group>"; };
		43EB08EF1D59523500B1AE5C /* CategoryViewControllerTests.swift */ = {isa = PBXFileReference; fileEncoding = 4; lastKnownFileType = sourcecode.swift; path = CategoryViewControllerTests.swift; sourceTree = "<group>"; };
		43EB08F11D59524700B1AE5C /* TuneViewControllerTests.swift */ = {isa = PBXFileReference; fileEncoding = 4; lastKnownFileType = sourcecode.swift; path = TuneViewControllerTests.swift; sourceTree = "<group>"; };
		43FF550F1D5A25190090862E /* DataHandlerTests.swift */ = {isa = PBXFileReference; fileEncoding = 4; lastKnownFileType = sourcecode.swift; path = DataHandlerTests.swift; sourceTree = "<group>"; };
		60AF0DF3A8109BCB9BE828DC /* Pods-ThoughtTunesUITests.release.xcconfig */ = {isa = PBXFileReference; includeInIndex = 1; lastKnownFileType = text.xcconfig; name = "Pods-ThoughtTunesUITests.release.xcconfig"; path = "Pods/Target Support Files/Pods-ThoughtTunesUITests/Pods-ThoughtTunesUITests.release.xcconfig"; sourceTree = "<group>"; };
		6E87B331A5F58B5C8DE99FE0 /* Pods-ThoughtTunesUITests.debug.xcconfig */ = {isa = PBXFileReference; includeInIndex = 1; lastKnownFileType = text.xcconfig; name = "Pods-ThoughtTunesUITests.debug.xcconfig"; path = "Pods/Target Support Files/Pods-ThoughtTunesUITests/Pods-ThoughtTunesUITests.debug.xcconfig"; sourceTree = "<group>"; };
		71C79A0366EA884479C80951 /* Pods-ThoughtTunesTests.release.xcconfig */ = {isa = PBXFileReference; includeInIndex = 1; lastKnownFileType = text.xcconfig; name = "Pods-ThoughtTunesTests.release.xcconfig"; path = "Pods/Target Support Files/Pods-ThoughtTunesTests/Pods-ThoughtTunesTests.release.xcconfig"; sourceTree = "<group>"; };
		75D6FE96892764182F7117D5 /* Pods-ThoughtTunes.debug.xcconfig */ = {isa = PBXFileReference; includeInIndex = 1; lastKnownFileType = text.xcconfig; name = "Pods-ThoughtTunes.debug.xcconfig"; path = "Pods/Target Support Files/Pods-ThoughtTunes/Pods-ThoughtTunes.debug.xcconfig"; sourceTree = "<group>"; };
		7B57A8C549C674136CE4C7D0 /* Pods_ThoughtTunesUITests.framework */ = {isa = PBXFileReference; explicitFileType = wrapper.framework; includeInIndex = 0; path = Pods_ThoughtTunesUITests.framework; sourceTree = BUILT_PRODUCTS_DIR; };
		89F5C9E2268F1F983A5F0D62 /* Pods-ThoughtTunes.release.xcconfig */ = {isa = PBXFileReference; includeInIndex = 1; lastKnownFileType = text.xcconfig; name = "Pods-ThoughtTunes.release.xcconfig"; path = "Pods/Target Support Files/Pods-ThoughtTunes/Pods-ThoughtTunes.release.xcconfig"; sourceTree = "<group>"; };
		C671F73D67D7B3BE26800438 /* Pods-ThoughtTunesTests.debug.xcconfig */ = {isa = PBXFileReference; includeInIndex = 1; lastKnownFileType = text.xcconfig; name = "Pods-ThoughtTunesTests.debug.xcconfig"; path = "Pods/Target Support Files/Pods-ThoughtTunesTests/Pods-ThoughtTunesTests.debug.xcconfig"; sourceTree = "<group>"; };
		DB061FB460A4EA5C498CCE0C /* Pods_ThoughtTunesTests.framework */ = {isa = PBXFileReference; explicitFileType = wrapper.framework; includeInIndex = 0; path = Pods_ThoughtTunesTests.framework; sourceTree = BUILT_PRODUCTS_DIR; };
/* End PBXFileReference section */

/* Begin PBXFrameworksBuildPhase section */
		43385C861D552D92008DE0AE /* Frameworks */ = {
			isa = PBXFrameworksBuildPhase;
			buildActionMask = 2147483647;
			files = (
				3B9887B984F8F1C78657B948 /* Pods_ThoughtTunes.framework in Frameworks */,
			);
			runOnlyForDeploymentPostprocessing = 0;
		};
		43385C9D1D552D92008DE0AE /* Frameworks */ = {
			isa = PBXFrameworksBuildPhase;
			buildActionMask = 2147483647;
			files = (
				C3F6496E9073DE72AB0B208B /* Pods_ThoughtTunesTests.framework in Frameworks */,
			);
			runOnlyForDeploymentPostprocessing = 0;
		};
		43385CA81D552D92008DE0AE /* Frameworks */ = {
			isa = PBXFrameworksBuildPhase;
			buildActionMask = 2147483647;
			files = (
				4C932675032A29C31859E832 /* Pods_ThoughtTunesUITests.framework in Frameworks */,
			);
			runOnlyForDeploymentPostprocessing = 0;
		};
/* End PBXFrameworksBuildPhase section */

/* Begin PBXGroup section */
		1169F3AFE946E5B50E3AA220 /* Frameworks */ = {
			isa = PBXGroup;
			children = (
				015CCB651CC605EFD8195A36 /* Pods_ThoughtTunes.framework */,
				DB061FB460A4EA5C498CCE0C /* Pods_ThoughtTunesTests.framework */,
				7B57A8C549C674136CE4C7D0 /* Pods_ThoughtTunesUITests.framework */,
			);
			name = Frameworks;
			sourceTree = "<group>";
		};
		4322CC3A1D5B987A002DC201 /* CoreDataClasses */ = {
			isa = PBXGroup;
			children = (
				4336933D1D5CF9A700060575 /* Tune+CoreDataProperties.swift */,
				4336933C1D5CF9A700060575 /* Tune.swift */,
				432415651D5C1BBB00BEED97 /* Tag+CoreDataProperties.swift */,
				432415661D5C1BBB00BEED97 /* Tag.swift */,
				432415631D5C1BBB00BEED97 /* Category+CoreDataProperties.swift */,
				432415641D5C1BBB00BEED97 /* Category.swift */,
			);
			name = CoreDataClasses;
			sourceTree = "<group>";
		};
		43385C801D552D92008DE0AE = {
			isa = PBXGroup;
			children = (
				43385C8B1D552D92008DE0AE /* ThoughtTunes */,
				43385CA31D552D92008DE0AE /* ThoughtTunesTests */,
				43385CAE1D552D92008DE0AE /* ThoughtTunesUITests */,
				43385C8A1D552D92008DE0AE /* Products */,
				F72D906F1163840DE9CF3EC2 /* Pods */,
				1169F3AFE946E5B50E3AA220 /* Frameworks */,
			);
			sourceTree = "<group>";
		};
		43385C8A1D552D92008DE0AE /* Products */ = {
			isa = PBXGroup;
			children = (
				43385C891D552D92008DE0AE /* ThoughtTunes.app */,
				43385CA01D552D92008DE0AE /* ThoughtTunesTests.xctest */,
				43385CAB1D552D92008DE0AE /* ThoughtTunesUITests.xctest */,
			);
			name = Products;
			sourceTree = "<group>";
		};
		43385C8B1D552D92008DE0AE /* ThoughtTunes */ = {
			isa = PBXGroup;
			children = (
				4390DC2F1D553FDD00110F29 /* Controller */,
				4390DC2E1D553FD900110F29 /* View */,
				4390DC2D1D553FD300110F29 /* Model */,
				4390DC301D55402700110F29 /* Resources */,
				43707C541D5D61B3003C9176 /* api */,
			);
			path = ThoughtTunes;
			sourceTree = "<group>";
		};
		43385CA31D552D92008DE0AE /* ThoughtTunesTests */ = {
			isa = PBXGroup;
			children = (
				43EB08ED1D59520200B1AE5C /* TagViewControllerTests.swift */,
				43EB08EF1D59523500B1AE5C /* CategoryViewControllerTests.swift */,
				43EB08F11D59524700B1AE5C /* TuneViewControllerTests.swift */,
				43FF550F1D5A25190090862E /* DataHandlerTests.swift */,
				43385CA61D552D92008DE0AE /* Info.plist */,
			);
			path = ThoughtTunesTests;
			sourceTree = "<group>";
		};
		43385CAE1D552D92008DE0AE /* ThoughtTunesUITests */ = {
			isa = PBXGroup;
			children = (
				43385CAF1D552D92008DE0AE /* ThoughtTunesUITests.swift */,
				43385CB11D552D92008DE0AE /* Info.plist */,
			);
			path = ThoughtTunesUITests;
			sourceTree = "<group>";
		};
		43707C541D5D61B3003C9176 /* api */ = {
			isa = PBXGroup;
			children = (
				43707C551D5D61B3003C9176 /* 1 */,
			);
			path = api;
			sourceTree = "<group>";
		};
		43707C551D5D61B3003C9176 /* 1 */ = {
			isa = PBXGroup;
			children = (
				43707C591D5D6259003C9176 /* tags.json */,
				43707C561D5D61B3003C9176 /* category */,
				43707C581D5D61B3003C9176 /* songs */,
			);
			path = 1;
			sourceTree = "<group>";
		};
		43707C561D5D61B3003C9176 /* category */ = {
			isa = PBXGroup;
			children = (
				43707C571D5D61B3003C9176 /* tag */,
			);
			path = category;
			sourceTree = "<group>";
		};
		43707C571D5D61B3003C9176 /* tag */ = {
			isa = PBXGroup;
			children = (
				43BDEC751D60F094004DCD2F /* 001.json */,
				43BDEC761D60F094004DCD2F /* 002.json */,
				43BDEC771D60F094004DCD2F /* 003.json */,
			);
			path = tag;
			sourceTree = "<group>";
		};
		43707C581D5D61B3003C9176 /* songs */ = {
			isa = PBXGroup;
			children = (
				43BDEC7B1D60F0B7004DCD2F /* multi.json */,
				43BDEC7C1D60F0B7004DCD2F /* multi?id=401.json */,
				43BDEC7D1D60F0B7004DCD2F /* multi?id=401&id=402.json */,
				43BDEC7E1D60F0B7004DCD2F /* multi?id=401&id=402&id=404.json */,
				43BDEC7F1D60F0B7004DCD2F /* multi?id=401&id=402&id=404&id=407&id=409&id=410&id=411&id=419&id=421.json */,
				43BDEC801D60F0B7004DCD2F /* multi?id=402.json */,
				43BDEC811D60F0B7004DCD2F /* multi?id=403.json */,
				43BDEC821D60F0B7004DCD2F /* multi?id=403&id=405&id=407&id=413&id=416&id=419&id=420&id=421&id=423&id=424.json */,
				43BDEC831D60F0B7004DCD2F /* multi?id=404.json */,
				43BDEC841D60F0B7004DCD2F /* multi?id=405.json */,
				43BDEC851D60F0B7004DCD2F /* multi?id=406.json */,
				43BDEC861D60F0B7004DCD2F /* multi?id=406&id=418&id=420&id=423.json */,
				43BDEC871D60F0B7004DCD2F /* multi?id=407.json */,
				43BDEC881D60F0B7004DCD2F /* multi?id=408.json */,
				43BDEC891D60F0B7004DCD2F /* multi?id=408&id=409.json */,
				43BDEC8A1D60F0B7004DCD2F /* multi?id=408&id=409&id=412.json */,
				43BDEC8B1D60F0B7004DCD2F /* multi?id=409.json */,
				43BDEC8C1D60F0B7004DCD2F /* multi?id=410.json */,
				43BDEC8D1D60F0B7004DCD2F /* multi?id=410&id=414.json */,
				43BDEC8E1D60F0B7004DCD2F /* multi?id=411.json */,
				43BDEC8F1D60F0B7004DCD2F /* multi?id=412.json */,
				43BDEC901D60F0B7004DCD2F /* multi?id=413.json */,
				43BDEC911D60F0B7004DCD2F /* multi?id=414.json */,
				43BDEC921D60F0B7004DCD2F /* multi?id=415.json */,
				43BDEC931D60F0B7004DCD2F /* multi?id=416.json */,
				43BDEC941D60F0B7004DCD2F /* multi?id=417.json */,
				43BDEC951D60F0B7004DCD2F /* multi?id=418.json */,
				43BDEC961D60F0B7004DCD2F /* multi?id=419.json */,
				43BDEC971D60F0B7004DCD2F /* multi?id=420.json */,
				43BDEC981D60F0B7004DCD2F /* multi?id=421.json */,
				43BDEC991D60F0B7004DCD2F /* multi?id=421&id=423&id=424.json */,
				43BDEC9A1D60F0B7004DCD2F /* multi?id=423.json */,
				43BDEC9B1D60F0B7004DCD2F /* multi?id=424.json */,
			);
			path = songs;
			sourceTree = "<group>";
		};
		4390DC2D1D553FD300110F29 /* Model */ = {
			isa = PBXGroup;
			children = (
				43707C631D5D690E003C9176 /* DataHandler.swift */,
				4390DC491D55620F00110F29 /* LocalDataHandler.swift */,
				430F09D01D58EFC800C37C20 /* Enums&Strings.swift */,
				43385C931D552D92008DE0AE /* ThoughtTunes.xcdatamodeld */,
				4322CC3A1D5B987A002DC201 /* CoreDataClasses */,
			);
			name = Model;
			sourceTree = "<group>";
		};
		4390DC2E1D553FD900110F29 /* View */ = {
			isa = PBXGroup;
			children = (
				43385C981D552D92008DE0AE /* LaunchScreen.storyboard */,
				4390DC3F1D55431B00110F29 /* TagViewController.storyboard */,
				4390DC411D55433500110F29 /* CategoryViewController.storyboard */,
				4390DC431D55434000110F29 /* TuneViewController.storyboard */,
			);
			name = View;
			sourceTree = "<group>";
		};
		4390DC2F1D553FDD00110F29 /* Controller */ = {
			isa = PBXGroup;
			children = (
				4390DC311D55408000110F29 /* TagViewController.swift */,
				430F09D21D58F3A500C37C20 /* TagCell.swift */,
				4390DC351D55409A00110F29 /* CategoryViewController.swift */,
				430F09D41D58F3D100C37C20 /* CategoryCell.swift */,
				4390DC3B1D5540E500110F29 /* TuneViewController.swift */,
				430F09D61D58F3E000C37C20 /* TuneCell.swift */,
			);
			name = Controller;
			sourceTree = "<group>";
		};
		4390DC301D55402700110F29 /* Resources */ = {
			isa = PBXGroup;
			children = (
				43385C8C1D552D92008DE0AE /* AppDelegate.swift */,
				43385C9B1D552D92008DE0AE /* Info.plist */,
				43385C961D552D92008DE0AE /* Assets.xcassets */,
			);
			name = Resources;
			sourceTree = "<group>";
		};
		F72D906F1163840DE9CF3EC2 /* Pods */ = {
			isa = PBXGroup;
			children = (
				75D6FE96892764182F7117D5 /* Pods-ThoughtTunes.debug.xcconfig */,
				89F5C9E2268F1F983A5F0D62 /* Pods-ThoughtTunes.release.xcconfig */,
				C671F73D67D7B3BE26800438 /* Pods-ThoughtTunesTests.debug.xcconfig */,
				71C79A0366EA884479C80951 /* Pods-ThoughtTunesTests.release.xcconfig */,
				6E87B331A5F58B5C8DE99FE0 /* Pods-ThoughtTunesUITests.debug.xcconfig */,
				60AF0DF3A8109BCB9BE828DC /* Pods-ThoughtTunesUITests.release.xcconfig */,
			);
			name = Pods;
			sourceTree = "<group>";
		};
/* End PBXGroup section */

/* Begin PBXNativeTarget section */
		43385C881D552D92008DE0AE /* ThoughtTunes */ = {
			isa = PBXNativeTarget;
			buildConfigurationList = 43385CB41D552D92008DE0AE /* Build configuration list for PBXNativeTarget "ThoughtTunes" */;
			buildPhases = (
				8C090DBCFADF2623D6D55DA1 /* [CP] Check Pods Manifest.lock */,
				43385C851D552D92008DE0AE /* Sources */,
				43385C861D552D92008DE0AE /* Frameworks */,
				43385C871D552D92008DE0AE /* Resources */,
				F1BA3416527DCB614468EF56 /* [CP] Embed Pods Frameworks */,
				E5C634C7F0E73B5B4D665B8E /* [CP] Copy Pods Resources */,
			);
			buildRules = (
			);
			dependencies = (
			);
			name = ThoughtTunes;
			productName = ThoughtTunes;
			productReference = 43385C891D552D92008DE0AE /* ThoughtTunes.app */;
			productType = "com.apple.product-type.application";
		};
		43385C9F1D552D92008DE0AE /* ThoughtTunesTests */ = {
			isa = PBXNativeTarget;
			buildConfigurationList = 43385CB71D552D92008DE0AE /* Build configuration list for PBXNativeTarget "ThoughtTunesTests" */;
			buildPhases = (
				17D3A717EFDC159DD0B17768 /* [CP] Check Pods Manifest.lock */,
				43385C9C1D552D92008DE0AE /* Sources */,
				43385C9D1D552D92008DE0AE /* Frameworks */,
				43385C9E1D552D92008DE0AE /* Resources */,
				1210A7CE3AB7A935E1B140CD /* [CP] Embed Pods Frameworks */,
				9E22891CE1D87C8C9EBA2385 /* [CP] Copy Pods Resources */,
			);
			buildRules = (
			);
			dependencies = (
				43385CA21D552D92008DE0AE /* PBXTargetDependency */,
			);
			name = ThoughtTunesTests;
			productName = ThoughtTunesTests;
			productReference = 43385CA01D552D92008DE0AE /* ThoughtTunesTests.xctest */;
			productType = "com.apple.product-type.bundle.unit-test";
		};
		43385CAA1D552D92008DE0AE /* ThoughtTunesUITests */ = {
			isa = PBXNativeTarget;
			buildConfigurationList = 43385CBA1D552D92008DE0AE /* Build configuration list for PBXNativeTarget "ThoughtTunesUITests" */;
			buildPhases = (
				E497CE6E338FD2659C649651 /* [CP] Check Pods Manifest.lock */,
				43385CA71D552D92008DE0AE /* Sources */,
				43385CA81D552D92008DE0AE /* Frameworks */,
				43385CA91D552D92008DE0AE /* Resources */,
				C9454750149D33853EE8053C /* [CP] Copy Pods Resources */,
			);
			buildRules = (
			);
			dependencies = (
				43385CAD1D552D92008DE0AE /* PBXTargetDependency */,
			);
			name = ThoughtTunesUITests;
			productName = ThoughtTunesUITests;
			productReference = 43385CAB1D552D92008DE0AE /* ThoughtTunesUITests.xctest */;
			productType = "com.apple.product-type.bundle.ui-testing";
		};
/* End PBXNativeTarget section */

/* Begin PBXProject section */
		43385C811D552D92008DE0AE /* Project object */ = {
			isa = PBXProject;
			attributes = {
				LastSwiftUpdateCheck = 0730;
				LastUpgradeCheck = 1130;
				ORGANIZATIONNAME = floydhillcode;
				TargetAttributes = {
					43385C881D552D92008DE0AE = {
						CreatedOnToolsVersion = 7.3;
					};
					43385C9F1D552D92008DE0AE = {
						CreatedOnToolsVersion = 7.3;
						TestTargetID = 43385C881D552D92008DE0AE;
					};
					43385CAA1D552D92008DE0AE = {
						CreatedOnToolsVersion = 7.3;
						TestTargetID = 43385C881D552D92008DE0AE;
					};
				};
			};
			buildConfigurationList = 43385C841D552D92008DE0AE /* Build configuration list for PBXProject "ThoughtTunes" */;
			compatibilityVersion = "Xcode 3.2";
			developmentRegion = en;
			hasScannedForEncodings = 0;
			knownRegions = (
				en,
				Base,
			);
			mainGroup = 43385C801D552D92008DE0AE;
			productRefGroup = 43385C8A1D552D92008DE0AE /* Products */;
			projectDirPath = "";
			projectRoot = "";
			targets = (
				43385C881D552D92008DE0AE /* ThoughtTunes */,
				43385C9F1D552D92008DE0AE /* ThoughtTunesTests */,
				43385CAA1D552D92008DE0AE /* ThoughtTunesUITests */,
			);
		};
/* End PBXProject section */

/* Begin PBXResourcesBuildPhase section */
		43385C871D552D92008DE0AE /* Resources */ = {
			isa = PBXResourcesBuildPhase;
			buildActionMask = 2147483647;
			files = (
				43BDECB11D60F0B7004DCD2F /* multi?id=413.json in Resources */,
				43BDECAA1D60F0B7004DCD2F /* multi?id=408&id=409.json in Resources */,
				43BDEC791D60F094004DCD2F /* 002.json in Resources */,
				43BDECA81D60F0B7004DCD2F /* multi?id=407.json in Resources */,
				43BDECA01D60F0B7004DCD2F /* multi?id=401&id=402&id=404&id=407&id=409&id=410&id=411&id=419&id=421.json in Resources */,
				43BDEC781D60F094004DCD2F /* 001.json in Resources */,
				43BDECA11D60F0B7004DCD2F /* multi?id=402.json in Resources */,
				43BDEC9F1D60F0B7004DCD2F /* multi?id=401&id=402&id=404.json in Resources */,
				43BDECB01D60F0B7004DCD2F /* multi?id=412.json in Resources */,
				43BDEC9C1D60F0B7004DCD2F /* multi.json in Resources */,
				43BDECA61D60F0B7004DCD2F /* multi?id=406.json in Resources */,
				43385C9A1D552D92008DE0AE /* LaunchScreen.storyboard in Resources */,
				43BDECA31D60F0B7004DCD2F /* multi?id=403&id=405&id=407&id=413&id=416&id=419&id=420&id=421&id=423&id=424.json in Resources */,
				43BDECBB1D60F0B7004DCD2F /* multi?id=423.json in Resources */,
				43BDECAF1D60F0B7004DCD2F /* multi?id=411.json in Resources */,
				43BDECB71D60F0B7004DCD2F /* multi?id=419.json in Resources */,
				43BDECA21D60F0B7004DCD2F /* multi?id=403.json in Resources */,
				43BDECA51D60F0B7004DCD2F /* multi?id=405.json in Resources */,
				43BDEC9D1D60F0B7004DCD2F /* multi?id=401.json in Resources */,
				43BDECB81D60F0B7004DCD2F /* multi?id=420.json in Resources */,
				43385C971D552D92008DE0AE /* Assets.xcassets in Resources */,
				43BDECA91D60F0B7004DCD2F /* multi?id=408.json in Resources */,
				43BDEC9E1D60F0B7004DCD2F /* multi?id=401&id=402.json in Resources */,
				43707C5A1D5D6259003C9176 /* tags.json in Resources */,
				43BDECAD1D60F0B7004DCD2F /* multi?id=410.json in Resources */,
				43BDECBA1D60F0B7004DCD2F /* multi?id=421&id=423&id=424.json in Resources */,
				43BDECB31D60F0B7004DCD2F /* multi?id=415.json in Resources */,
				4390DC401D55431B00110F29 /* TagViewController.storyboard in Resources */,
				43BDECAB1D60F0B7004DCD2F /* multi?id=408&id=409&id=412.json in Resources */,
				43BDECB61D60F0B7004DCD2F /* multi?id=418.json in Resources */,
				4390DC441D55434000110F29 /* TuneViewController.storyboard in Resources */,
				43BDECB21D60F0B7004DCD2F /* multi?id=414.json in Resources */,
				4390DC421D55433500110F29 /* CategoryViewController.storyboard in Resources */,
				43BDECA71D60F0B7004DCD2F /* multi?id=406&id=418&id=420&id=423.json in Resources */,
				43BDECA41D60F0B7004DCD2F /* multi?id=404.json in Resources */,
				43BDECAE1D60F0B7004DCD2F /* multi?id=410&id=414.json in Resources */,
				43BDECBC1D60F0B7004DCD2F /* multi?id=424.json in Resources */,
				43BDECB41D60F0B7004DCD2F /* multi?id=416.json in Resources */,
				43BDECB51D60F0B7004DCD2F /* multi?id=417.json in Resources */,
				43BDECB91D60F0B7004DCD2F /* multi?id=421.json in Resources */,
				43BDEC7A1D60F094004DCD2F /* 003.json in Resources */,
				43BDECAC1D60F0B7004DCD2F /* multi?id=409.json in Resources */,
			);
			runOnlyForDeploymentPostprocessing = 0;
		};
		43385C9E1D552D92008DE0AE /* Resources */ = {
			isa = PBXResourcesBuildPhase;
			buildActionMask = 2147483647;
			files = (
			);
			runOnlyForDeploymentPostprocessing = 0;
		};
		43385CA91D552D92008DE0AE /* Resources */ = {
			isa = PBXResourcesBuildPhase;
			buildActionMask = 2147483647;
			files = (
			);
			runOnlyForDeploymentPostprocessing = 0;
		};
/* End PBXResourcesBuildPhase section */

/* Begin PBXShellScriptBuildPhase section */
		1210A7CE3AB7A935E1B140CD /* [CP] Embed Pods Frameworks */ = {
			isa = PBXShellScriptBuildPhase;
			buildActionMask = 2147483647;
			files = (
			);
			inputPaths = (
			);
			name = "[CP] Embed Pods Frameworks";
			outputPaths = (
			);
			runOnlyForDeploymentPostprocessing = 0;
			shellPath = /bin/sh;
			shellScript = "\"${SRCROOT}/Pods/Target Support Files/Pods-ThoughtTunesTests/Pods-ThoughtTunesTests-frameworks.sh\"\n";
			showEnvVarsInLog = 0;
		};
		17D3A717EFDC159DD0B17768 /* [CP] Check Pods Manifest.lock */ = {
			isa = PBXShellScriptBuildPhase;
			buildActionMask = 2147483647;
			files = (
			);
			inputPaths = (
			);
			name = "[CP] Check Pods Manifest.lock";
			outputPaths = (
			);
			runOnlyForDeploymentPostprocessing = 0;
			shellPath = /bin/sh;
			shellScript = "diff \"${PODS_ROOT}/../Podfile.lock\" \"${PODS_ROOT}/Manifest.lock\" > /dev/null\nif [[ $? != 0 ]] ; then\n    cat << EOM\nerror: The sandbox is not in sync with the Podfile.lock. Run 'pod install' or update your CocoaPods installation.\nEOM\n    exit 1\nfi\n";
			showEnvVarsInLog = 0;
		};
		8C090DBCFADF2623D6D55DA1 /* [CP] Check Pods Manifest.lock */ = {
			isa = PBXShellScriptBuildPhase;
			buildActionMask = 2147483647;
			files = (
			);
			inputPaths = (
			);
			name = "[CP] Check Pods Manifest.lock";
			outputPaths = (
			);
			runOnlyForDeploymentPostprocessing = 0;
			shellPath = /bin/sh;
			shellScript = "diff \"${PODS_ROOT}/../Podfile.lock\" \"${PODS_ROOT}/Manifest.lock\" > /dev/null\nif [[ $? != 0 ]] ; then\n    cat << EOM\nerror: The sandbox is not in sync with the Podfile.lock. Run 'pod install' or update your CocoaPods installation.\nEOM\n    exit 1\nfi\n";
			showEnvVarsInLog = 0;
		};
		9E22891CE1D87C8C9EBA2385 /* [CP] Copy Pods Resources */ = {
			isa = PBXShellScriptBuildPhase;
			buildActionMask = 2147483647;
			files = (
			);
			inputPaths = (
			);
			name = "[CP] Copy Pods Resources";
			outputPaths = (
			);
			runOnlyForDeploymentPostprocessing = 0;
			shellPath = /bin/sh;
			shellScript = "\"${SRCROOT}/Pods/Target Support Files/Pods-ThoughtTunesTests/Pods-ThoughtTunesTests-resources.sh\"\n";
			showEnvVarsInLog = 0;
		};
		C9454750149D33853EE8053C /* [CP] Copy Pods Resources */ = {
			isa = PBXShellScriptBuildPhase;
			buildActionMask = 2147483647;
			files = (
			);
			inputPaths = (
			);
			name = "[CP] Copy Pods Resources";
			outputPaths = (
			);
			runOnlyForDeploymentPostprocessing = 0;
			shellPath = /bin/sh;
			shellScript = "\"${SRCROOT}/Pods/Target Support Files/Pods-ThoughtTunesUITests/Pods-ThoughtTunesUITests-resources.sh\"\n";
			showEnvVarsInLog = 0;
		};
		E497CE6E338FD2659C649651 /* [CP] Check Pods Manifest.lock */ = {
			isa = PBXShellScriptBuildPhase;
			buildActionMask = 2147483647;
			files = (
			);
			inputPaths = (
			);
			name = "[CP] Check Pods Manifest.lock";
			outputPaths = (
			);
			runOnlyForDeploymentPostprocessing = 0;
			shellPath = /bin/sh;
			shellScript = "diff \"${PODS_ROOT}/../Podfile.lock\" \"${PODS_ROOT}/Manifest.lock\" > /dev/null\nif [[ $? != 0 ]] ; then\n    cat << EOM\nerror: The sandbox is not in sync with the Podfile.lock. Run 'pod install' or update your CocoaPods installation.\nEOM\n    exit 1\nfi\n";
			showEnvVarsInLog = 0;
		};
		E5C634C7F0E73B5B4D665B8E /* [CP] Copy Pods Resources */ = {
			isa = PBXShellScriptBuildPhase;
			buildActionMask = 2147483647;
			files = (
			);
			inputPaths = (
			);
			name = "[CP] Copy Pods Resources";
			outputPaths = (
			);
			runOnlyForDeploymentPostprocessing = 0;
			shellPath = /bin/sh;
			shellScript = "\"${SRCROOT}/Pods/Target Support Files/Pods-ThoughtTunes/Pods-ThoughtTunes-resources.sh\"\n";
			showEnvVarsInLog = 0;
		};
		F1BA3416527DCB614468EF56 /* [CP] Embed Pods Frameworks */ = {
			isa = PBXShellScriptBuildPhase;
			buildActionMask = 2147483647;
			files = (
			);
			inputPaths = (
			);
			name = "[CP] Embed Pods Frameworks";
			outputPaths = (
			);
			runOnlyForDeploymentPostprocessing = 0;
			shellPath = /bin/sh;
			shellScript = "\"${SRCROOT}/Pods/Target Support Files/Pods-ThoughtTunes/Pods-ThoughtTunes-frameworks.sh\"\n";
			showEnvVarsInLog = 0;
		};
/* End PBXShellScriptBuildPhase section */

/* Begin PBXSourcesBuildPhase section */
		43385C851D552D92008DE0AE /* Sources */ = {
			isa = PBXSourcesBuildPhase;
			buildActionMask = 2147483647;
			files = (
				4324156C1D5C1BBB00BEED97 /* Tag.swift in Sources */,
				4390DC371D55409A00110F29 /* CategoryViewController.swift in Sources */,
				432415691D5C1BBB00BEED97 /* Category+CoreDataProperties.swift in Sources */,
				430F09D71D58F3E000C37C20 /* TuneCell.swift in Sources */,
				4390DC3D1D5540E500110F29 /* TuneViewController.swift in Sources */,
				4390DC331D55408000110F29 /* TagViewController.swift in Sources */,
				43385C8D1D552D92008DE0AE /* AppDelegate.swift in Sources */,
				43707C641D5D690E003C9176 /* DataHandler.swift in Sources */,
				430F09D31D58F3A500C37C20 /* TagCell.swift in Sources */,
				430F09D51D58F3D100C37C20 /* CategoryCell.swift in Sources */,
				430F09D11D58EFC800C37C20 /* Enums&Strings.swift in Sources */,
				4336933E1D5CF9A700060575 /* Tune.swift in Sources */,
				4324156B1D5C1BBB00BEED97 /* Tag+CoreDataProperties.swift in Sources */,
				4390DC4A1D55620F00110F29 /* LocalDataHandler.swift in Sources */,
				43385C951D552D92008DE0AE /* ThoughtTunes.xcdatamodeld in Sources */,
				4324156A1D5C1BBB00BEED97 /* Category.swift in Sources */,
				4336933F1D5CF9A700060575 /* Tune+CoreDataProperties.swift in Sources */,
			);
			runOnlyForDeploymentPostprocessing = 0;
		};
		43385C9C1D552D92008DE0AE /* Sources */ = {
			isa = PBXSourcesBuildPhase;
			buildActionMask = 2147483647;
			files = (
				43FF55101D5A25190090862E /* DataHandlerTests.swift in Sources */,
				43EB08F21D59524700B1AE5C /* TuneViewControllerTests.swift in Sources */,
				43EB08F01D59523500B1AE5C /* CategoryViewControllerTests.swift in Sources */,
				43EB08EE1D59520200B1AE5C /* TagViewControllerTests.swift in Sources */,
			);
			runOnlyForDeploymentPostprocessing = 0;
		};
		43385CA71D552D92008DE0AE /* Sources */ = {
			isa = PBXSourcesBuildPhase;
			buildActionMask = 2147483647;
			files = (
				43385CB01D552D92008DE0AE /* ThoughtTunesUITests.swift in Sources */,
			);
			runOnlyForDeploymentPostprocessing = 0;
		};
/* End PBXSourcesBuildPhase section */

/* Begin PBXTargetDependency section */
		43385CA21D552D92008DE0AE /* PBXTargetDependency */ = {
			isa = PBXTargetDependency;
			target = 43385C881D552D92008DE0AE /* ThoughtTunes */;
			targetProxy = 43385CA11D552D92008DE0AE /* PBXContainerItemProxy */;
		};
		43385CAD1D552D92008DE0AE /* PBXTargetDependency */ = {
			isa = PBXTargetDependency;
			target = 43385C881D552D92008DE0AE /* ThoughtTunes */;
			targetProxy = 43385CAC1D552D92008DE0AE /* PBXContainerItemProxy */;
		};
/* End PBXTargetDependency section */

/* Begin PBXVariantGroup section */
		43385C981D552D92008DE0AE /* LaunchScreen.storyboard */ = {
			isa = PBXVariantGroup;
			children = (
				43385C991D552D92008DE0AE /* Base */,
			);
			name = LaunchScreen.storyboard;
			sourceTree = "<group>";
		};
/* End PBXVariantGroup section */

/* Begin XCBuildConfiguration section */
		43385CB21D552D92008DE0AE /* Debug */ = {
			isa = XCBuildConfiguration;
			buildSettings = {
				ALWAYS_SEARCH_USER_PATHS = NO;
				CLANG_ANALYZER_NONNULL = YES;
				CLANG_CXX_LANGUAGE_STANDARD = "gnu++0x";
				CLANG_CXX_LIBRARY = "libc++";
				CLANG_ENABLE_MODULES = YES;
				CLANG_ENABLE_OBJC_ARC = YES;
				CLANG_WARN_BLOCK_CAPTURE_AUTORELEASING = YES;
				CLANG_WARN_BOOL_CONVERSION = YES;
				CLANG_WARN_COMMA = YES;
				CLANG_WARN_CONSTANT_CONVERSION = YES;
				CLANG_WARN_DEPRECATED_OBJC_IMPLEMENTATIONS = YES;
				CLANG_WARN_DIRECT_OBJC_ISA_USAGE = YES_ERROR;
				CLANG_WARN_EMPTY_BODY = YES;
				CLANG_WARN_ENUM_CONVERSION = YES;
				CLANG_WARN_INFINITE_RECURSION = YES;
				CLANG_WARN_INT_CONVERSION = YES;
				CLANG_WARN_NON_LITERAL_NULL_CONVERSION = YES;
				CLANG_WARN_OBJC_IMPLICIT_RETAIN_SELF = YES;
				CLANG_WARN_OBJC_LITERAL_CONVERSION = YES;
				CLANG_WARN_OBJC_ROOT_CLASS = YES_ERROR;
				CLANG_WARN_RANGE_LOOP_ANALYSIS = YES;
				CLANG_WARN_STRICT_PROTOTYPES = YES;
				CLANG_WARN_SUSPICIOUS_MOVE = YES;
				CLANG_WARN_UNREACHABLE_CODE = YES;
				CLANG_WARN__DUPLICATE_METHOD_MATCH = YES;
				"CODE_SIGN_IDENTITY[sdk=iphoneos*]" = "iPhone Developer";
				COPY_PHASE_STRIP = NO;
				DEBUG_INFORMATION_FORMAT = dwarf;
				ENABLE_STRICT_OBJC_MSGSEND = YES;
				ENABLE_TESTABILITY = YES;
				GCC_C_LANGUAGE_STANDARD = gnu99;
				GCC_DYNAMIC_NO_PIC = NO;
				GCC_NO_COMMON_BLOCKS = YES;
				GCC_OPTIMIZATION_LEVEL = 0;
				GCC_PREPROCESSOR_DEFINITIONS = (
					"DEBUG=1",
					"$(inherited)",
				);
				GCC_WARN_64_TO_32_BIT_CONVERSION = YES;
				GCC_WARN_ABOUT_RETURN_TYPE = YES_ERROR;
				GCC_WARN_UNDECLARED_SELECTOR = YES;
				GCC_WARN_UNINITIALIZED_AUTOS = YES_AGGRESSIVE;
				GCC_WARN_UNUSED_FUNCTION = YES;
				GCC_WARN_UNUSED_VARIABLE = YES;
				IPHONEOS_DEPLOYMENT_TARGET = 9.3;
				MTL_ENABLE_DEBUG_INFO = YES;
				ONLY_ACTIVE_ARCH = YES;
				SDKROOT = iphoneos;
				SWIFT_OPTIMIZATION_LEVEL = "-Onone";
				TARGETED_DEVICE_FAMILY = "1,2";
			};
			name = Debug;
		};
		43385CB31D552D92008DE0AE /* Release */ = {
			isa = XCBuildConfiguration;
			buildSettings = {
				ALWAYS_SEARCH_USER_PATHS = NO;
				CLANG_ANALYZER_NONNULL = YES;
				CLANG_CXX_LANGUAGE_STANDARD = "gnu++0x";
				CLANG_CXX_LIBRARY = "libc++";
				CLANG_ENABLE_MODULES = YES;
				CLANG_ENABLE_OBJC_ARC = YES;
				CLANG_WARN_BLOCK_CAPTURE_AUTORELEASING = YES;
				CLANG_WARN_BOOL_CONVERSION = YES;
				CLANG_WARN_COMMA = YES;
				CLANG_WARN_CONSTANT_CONVERSION = YES;
				CLANG_WARN_DEPRECATED_OBJC_IMPLEMENTATIONS = YES;
				CLANG_WARN_DIRECT_OBJC_ISA_USAGE = YES_ERROR;
				CLANG_WARN_EMPTY_BODY = YES;
				CLANG_WARN_ENUM_CONVERSION = YES;
				CLANG_WARN_INFINITE_RECURSION = YES;
				CLANG_WARN_INT_CONVERSION = YES;
				CLANG_WARN_NON_LITERAL_NULL_CONVERSION = YES;
				CLANG_WARN_OBJC_IMPLICIT_RETAIN_SELF = YES;
				CLANG_WARN_OBJC_LITERAL_CONVERSION = YES;
				CLANG_WARN_OBJC_ROOT_CLASS = YES_ERROR;
				CLANG_WARN_RANGE_LOOP_ANALYSIS = YES;
				CLANG_WARN_STRICT_PROTOTYPES = YES;
				CLANG_WARN_SUSPICIOUS_MOVE = YES;
				CLANG_WARN_UNREACHABLE_CODE = YES;
				CLANG_WARN__DUPLICATE_METHOD_MATCH = YES;
				"CODE_SIGN_IDENTITY[sdk=iphoneos*]" = "iPhone Developer";
				COPY_PHASE_STRIP = NO;
				DEBUG_INFORMATION_FORMAT = "dwarf-with-dsym";
				ENABLE_NS_ASSERTIONS = NO;
				ENABLE_STRICT_OBJC_MSGSEND = YES;
				GCC_C_LANGUAGE_STANDARD = gnu99;
				GCC_NO_COMMON_BLOCKS = YES;
				GCC_WARN_64_TO_32_BIT_CONVERSION = YES;
				GCC_WARN_ABOUT_RETURN_TYPE = YES_ERROR;
				GCC_WARN_UNDECLARED_SELECTOR = YES;
				GCC_WARN_UNINITIALIZED_AUTOS = YES_AGGRESSIVE;
				GCC_WARN_UNUSED_FUNCTION = YES;
				GCC_WARN_UNUSED_VARIABLE = YES;
				IPHONEOS_DEPLOYMENT_TARGET = 9.3;
				MTL_ENABLE_DEBUG_INFO = NO;
				SDKROOT = iphoneos;
				SWIFT_COMPILATION_MODE = wholemodule;
				TARGETED_DEVICE_FAMILY = "1,2";
				VALIDATE_PRODUCT = YES;
			};
			name = Release;
		};
		43385CB51D552D92008DE0AE /* Debug */ = {
			isa = XCBuildConfiguration;
			baseConfigurationReference = 75D6FE96892764182F7117D5 /* Pods-ThoughtTunes.debug.xcconfig */;
			buildSettings = {
				ASSETCATALOG_COMPILER_APPICON_NAME = AppIcon;
				DEFINES_MODULE = YES;
				INFOPLIST_FILE = ThoughtTunes/Info.plist;
				LD_RUNPATH_SEARCH_PATHS = "$(inherited) @executable_path/Frameworks";
				PRODUCT_BUNDLE_IDENTIFIER = com.floydhillcode.ThoughtTunes;
				PRODUCT_NAME = "$(TARGET_NAME)";
				SWIFT_VERSION = 5.0;
			};
			name = Debug;
		};
		43385CB61D552D92008DE0AE /* Release */ = {
			isa = XCBuildConfiguration;
			baseConfigurationReference = 89F5C9E2268F1F983A5F0D62 /* Pods-ThoughtTunes.release.xcconfig */;
			buildSettings = {
				ASSETCATALOG_COMPILER_APPICON_NAME = AppIcon;
				DEFINES_MODULE = YES;
				INFOPLIST_FILE = ThoughtTunes/Info.plist;
				LD_RUNPATH_SEARCH_PATHS = "$(inherited) @executable_path/Frameworks";
				PRODUCT_BUNDLE_IDENTIFIER = com.floydhillcode.ThoughtTunes;
				PRODUCT_NAME = "$(TARGET_NAME)";
				SWIFT_VERSION = 5.0;
			};
			name = Release;
		};
		43385CB81D552D92008DE0AE /* Debug */ = {
			isa = XCBuildConfiguration;
			baseConfigurationReference = C671F73D67D7B3BE26800438 /* Pods-ThoughtTunesTests.debug.xcconfig */;
			buildSettings = {
				BUNDLE_LOADER = "$(TEST_HOST)";
				INFOPLIST_FILE = ThoughtTunesTests/Info.plist;
				LD_RUNPATH_SEARCH_PATHS = "$(inherited) @executable_path/Frameworks @loader_path/Frameworks";
				PRODUCT_BUNDLE_IDENTIFIER = com.floydhillcode.ThoughtTunesTests;
				PRODUCT_NAME = "$(TARGET_NAME)";
				TEST_HOST = "$(BUILT_PRODUCTS_DIR)/ThoughtTunes.app/ThoughtTunes";
			};
			name = Debug;
		};
		43385CB91D552D92008DE0AE /* Release */ = {
			isa = XCBuildConfiguration;
			baseConfigurationReference = 71C79A0366EA884479C80951 /* Pods-ThoughtTunesTests.release.xcconfig */;
			buildSettings = {
				BUNDLE_LOADER = "$(TEST_HOST)";
				INFOPLIST_FILE = ThoughtTunesTests/Info.plist;
				LD_RUNPATH_SEARCH_PATHS = "$(inherited) @executable_path/Frameworks @loader_path/Frameworks";
				PRODUCT_BUNDLE_IDENTIFIER = com.floydhillcode.ThoughtTunesTests;
				PRODUCT_NAME = "$(TARGET_NAME)";
				TEST_HOST = "$(BUILT_PRODUCTS_DIR)/ThoughtTunes.app/ThoughtTunes";
			};
			name = Release;
		};
		43385CBB1D552D92008DE0AE /* Debug */ = {
			isa = XCBuildConfiguration;
			baseConfigurationReference = 6E87B331A5F58B5C8DE99FE0 /* Pods-ThoughtTunesUITests.debug.xcconfig */;
			buildSettings = {
				INFOPLIST_FILE = ThoughtTunesUITests/Info.plist;
				LD_RUNPATH_SEARCH_PATHS = "$(inherited) @executable_path/Frameworks @loader_path/Frameworks";
				PRODUCT_BUNDLE_IDENTIFIER = com.floydhillcode.ThoughtTunesUITests;
				PRODUCT_NAME = "$(TARGET_NAME)";
				PROVISIONING_PROFILE = "";
				TEST_TARGET_NAME = ThoughtTunes;
			};
			name = Debug;
		};
		43385CBC1D552D92008DE0AE /* Release */ = {
			isa = XCBuildConfiguration;
			baseConfigurationReference = 60AF0DF3A8109BCB9BE828DC /* Pods-ThoughtTunesUITests.release.xcconfig */;
			buildSettings = {
				INFOPLIST_FILE = ThoughtTunesUITests/Info.plist;
				LD_RUNPATH_SEARCH_PATHS = "$(inherited) @executable_path/Frameworks @loader_path/Frameworks";
				PRODUCT_BUNDLE_IDENTIFIER = com.floydhillcode.ThoughtTunesUITests;
				PRODUCT_NAME = "$(TARGET_NAME)";
				PROVISIONING_PROFILE = "";
				TEST_TARGET_NAME = ThoughtTunes;
			};
			name = Release;
		};
/* End XCBuildConfiguration section */

/* Begin XCConfigurationList section */
		43385C841D552D92008DE0AE /* Build configuration list for PBXProject "ThoughtTunes" */ = {
			isa = XCConfigurationList;
			buildConfigurations = (
				43385CB21D552D92008DE0AE /* Debug */,
				43385CB31D552D92008DE0AE /* Release */,
			);
			defaultConfigurationIsVisible = 0;
			defaultConfigurationName = Release;
		};
		43385CB41D552D92008DE0AE /* Build configuration list for PBXNativeTarget "ThoughtTunes" */ = {
			isa = XCConfigurationList;
			buildConfigurations = (
				43385CB51D552D92008DE0AE /* Debug */,
				43385CB61D552D92008DE0AE /* Release */,
			);
			defaultConfigurationIsVisible = 0;
			defaultConfigurationName = Release;
		};
		43385CB71D552D92008DE0AE /* Build configuration list for PBXNativeTarget "ThoughtTunesTests" */ = {
			isa = XCConfigurationList;
			buildConfigurations = (
				43385CB81D552D92008DE0AE /* Debug */,
				43385CB91D552D92008DE0AE /* Release */,
			);
			defaultConfigurationIsVisible = 0;
			defaultConfigurationName = Release;
		};
		43385CBA1D552D92008DE0AE /* Build configuration list for PBXNativeTarget "ThoughtTunesUITests" */ = {
			isa = XCConfigurationList;
			buildConfigurations = (
				43385CBB1D552D92008DE0AE /* Debug */,
				43385CBC1D552D92008DE0AE /* Release */,
			);
			defaultConfigurationIsVisible = 0;
			defaultConfigurationName = Release;
		};
/* End XCConfigurationList section */

/* Begin XCVersionGroup section */
		43385C931D552D92008DE0AE /* ThoughtTunes.xcdatamodeld */ = {
			isa = XCVersionGroup;
			children = (
				43385C941D552D92008DE0AE /* ThoughtTunes.xcdatamodel */,
			);
			currentVersion = 43385C941D552D92008DE0AE /* ThoughtTunes.xcdatamodel */;
			path = ThoughtTunes.xcdatamodeld;
			sourceTree = "<group>";
			versionGroupType = wrapper.xcdatamodel;
		};
/* End XCVersionGroup section */
	};
	rootObject = 43385C811D552D92008DE0AE /* Project object */;
}
